
Microsoft Visual Studio Solution File, Format Version 12.00
# Visual Studio Version 17
VisualStudioVersion = 17.2.32630.192
MinimumVisualStudioVersion = 10.0.40219.1
Project("{9A19103F-16F7-4668-BE54-9A1E7A4F7556}") = "RingoMediaTask", "RingoMediaTask.csproj", "{09EE437E-F70C-47D4-8440-0D320BA32872}"
EndProject
Project("{9A19103F-16F7-4668-BE54-9A1E7A4F7556}") = "Core", "..\Core\Core.csproj", "{8D704EFC-8DEF-46F2-A687-6867F65D497D}"
EndProject
Project("{9A19103F-16F7-4668-BE54-9A1E7A4F7556}") = "Services", "..\Services\Services.csproj", "{46E974B6-868F-488B-84EC-6DC5642B79B6}"
EndProject
Project("{9A19103F-16F7-4668-BE54-9A1E7A4F7556}") = "Repossitory", "..\Repossitory\Repossitory.csproj", "{C08E95DC-F01D-4D5B-BFB5-E283CFB71FAC}"
EndProject
Global
	GlobalSection(SolutionConfigurationPlatforms) = preSolution
		Debug|Any CPU = Debug|Any CPU
		Release|Any CPU = Release|Any CPU
	EndGlobalSection
	GlobalSection(ProjectConfigurationPlatforms) = postSolution
		{09EE437E-F70C-47D4-8440-0D320BA32872}.Debug|Any CPU.ActiveCfg = Debug|Any CPU
		{09EE437E-F70C-47D4-8440-0D320BA32872}.Debug|Any CPU.Build.0 = Debug|Any CPU
		{09EE437E-F70C-47D4-8440-0D320BA32872}.Release|Any CPU.ActiveCfg = Release|Any CPU
		{09EE437E-F70C-47D4-8440-0D320BA32872}.Release|Any CPU.Build.0 = Release|Any CPU
		{8D704EFC-8DEF-46F2-A687-6867F65D497D}.Debug|Any CPU.ActiveCfg = Debug|Any CPU
		{8D704EFC-8DEF-46F2-A687-6867F65D497D}.Debug|Any CPU.Build.0 = Debug|Any CPU
		{8D704EFC-8DEF-46F2-A687-6867F65D497D}.Release|Any CPU.ActiveCfg = Release|Any CPU
		{8D704EFC-8DEF-46F2-A687-6867F65D497D}.Release|Any CPU.Build.0 = Release|Any CPU
		{46E974B6-868F-488B-84EC-6DC5642B79B6}.Debug|Any CPU.ActiveCfg = Debug|Any CPU
		{46E974B6-868F-488B-84EC-6DC5642B79B6}.Debug|Any CPU.Build.0 = Debug|Any CPU
		{46E974B6-868F-488B-84EC-6DC5642B79B6}.Release|Any CPU.ActiveCfg = Release|Any CPU
		{46E974B6-868F-488B-84EC-6DC5642B79B6}.Release|Any CPU.Build.0 = Release|Any CPU
		{C08E95DC-F01D-4D5B-BFB5-E283CFB71FAC}.Debug|Any CPU.ActiveCfg = Debug|Any CPU
		{C08E95DC-F01D-4D5B-BFB5-E283CFB71FAC}.Debug|Any CPU.Build.0 = Debug|Any CPU
		{C08E95DC-F01D-4D5B-BFB5-E283CFB71FAC}.Release|Any CPU.ActiveCfg = Release|Any CPU
		{C08E95DC-F01D-4D5B-BFB5-E283CFB71FAC}.Release|Any CPU.Build.0 = Release|Any CPU
	EndGlobalSection
	GlobalSection(SolutionProperties) = preSolution
		HideSolutionNode = FALSE
	EndGlobalSection
	GlobalSection(ExtensibilityGlobals) = postSolution
		SolutionGuid = {A314B125-A50D-4111-AA37-2E1DCC36A6FC}
	EndGlobalSection
EndGlobal
